
Microsoft Visual Studio Solution File, Format Version 12.00
# Visual Studio Version 17
VisualStudioVersion = 17.8.34322.80
MinimumVisualStudioVersion = 10.0.40219.1
Project("{8BC9CEB8-8B4A-11D0-8D11-00A0C91BC942}") = "pictureRoutine", "pictureRoutine\pictureRoutine.vcxproj", "{9D2033FB-D3E8-4EC6-B7B7-7AE28AA0862F}"
EndProject
Project("{9A19103F-16F7-4668-BE54-9A1E7A4F7556}") = "photoshop", "photoshop\photoshop.csproj", "{0BA5E419-110E-4386-9AF5-C263187C6F24}"
EndProject
Global
	GlobalSection(SolutionConfigurationPlatforms) = preSolution
		Debug|Any CPU = Debug|Any CPU
		Debug|x64 = Debug|x64
		Debug|x86 = Debug|x86
		Release|Any CPU = Release|Any CPU
		Release|x64 = Release|x64
		Release|x86 = Release|x86
	EndGlobalSection
	GlobalSection(ProjectConfigurationPlatforms) = postSolution
		{9D2033FB-D3E8-4EC6-B7B7-7AE28AA0862F}.Debug|Any CPU.ActiveCfg = Debug|x64
		{9D2033FB-D3E8-4EC6-B7B7-7AE28AA0862F}.Debug|Any CPU.Build.0 = Debug|x64
		{9D2033FB-D3E8-4EC6-B7B7-7AE28AA0862F}.Debug|x64.ActiveCfg = Debug|x64
		{9D2033FB-D3E8-4EC6-B7B7-7AE28AA0862F}.Debug|x64.Build.0 = Debug|x64
		{9D2033FB-D3E8-4EC6-B7B7-7AE28AA0862F}.Debug|x86.ActiveCfg = Debug|x64
		{9D2033FB-D3E8-4EC6-B7B7-7AE28AA0862F}.Debug|x86.Build.0 = Debug|x64
		{9D2033FB-D3E8-4EC6-B7B7-7AE28AA0862F}.Release|Any CPU.ActiveCfg = Release|x64
		{9D2033FB-D3E8-4EC6-B7B7-7AE28AA0862F}.Release|Any CPU.Build.0 = Release|x64
		{9D2033FB-D3E8-4EC6-B7B7-7AE28AA0862F}.Release|x64.ActiveCfg = Release|x64
		{9D2033FB-D3E8-4EC6-B7B7-7AE28AA0862F}.Release|x64.Build.0 = Release|x64
		{9D2033FB-D3E8-4EC6-B7B7-7AE28AA0862F}.Release|x86.ActiveCfg = Release|x64
		{9D2033FB-D3E8-4EC6-B7B7-7AE28AA0862F}.Release|x86.Build.0 = Release|x64
		{0BA5E419-110E-4386-9AF5-C263187C6F24}.Debug|Any CPU.ActiveCfg = Debug|Any CPU
		{0BA5E419-110E-4386-9AF5-C263187C6F24}.Debug|Any CPU.Build.0 = Debug|Any CPU
		{0BA5E419-110E-4386-9AF5-C263187C6F24}.Debug|x64.ActiveCfg = Debug|Any CPU
		{0BA5E419-110E-4386-9AF5-C263187C6F24}.Debug|x64.Build.0 = Debug|Any CPU
		{0BA5E419-110E-4386-9AF5-C263187C6F24}.Debug|x86.ActiveCfg = Debug|Any CPU
		{0BA5E419-110E-4386-9AF5-C263187C6F24}.Debug|x86.Build.0 = Debug|Any CPU
		{0BA5E419-110E-4386-9AF5-C263187C6F24}.Release|Any CPU.ActiveCfg = Release|Any CPU
		{0BA5E419-110E-4386-9AF5-C263187C6F24}.Release|Any CPU.Build.0 = Release|Any CPU
		{0BA5E419-110E-4386-9AF5-C263187C6F24}.Release|x64.ActiveCfg = Release|Any CPU
		{0BA5E419-110E-4386-9AF5-C263187C6F24}.Release|x64.Build.0 = Release|Any CPU
		{0BA5E419-110E-4386-9AF5-C263187C6F24}.Release|x86.ActiveCfg = Release|Any CPU
		{0BA5E419-110E-4386-9AF5-C263187C6F24}.Release|x86.Build.0 = Release|Any CPU
	EndGlobalSection
	GlobalSection(SolutionProperties) = preSolution
		HideSolutionNode = FALSE
	EndGlobalSection
	GlobalSection(ExtensibilityGlobals) = postSolution
		SolutionGuid = {4CC1F06D-91B5-4773-9B67-229112E33302}
	EndGlobalSection
EndGlobal
